
Microsoft Visual Studio Solution File, Format Version 12.00
# Visual Studio Version 17
VisualStudioVersion = 17.7.34221.43
MinimumVisualStudioVersion = 10.0.40219.1
Project("{FAE04EC0-301F-11D3-BF4B-00C04F79EFBC}") = "Week6StringsAndArrays", "Week6StringsAndArrays\Week6StringsAndArrays.csproj", "{78EB8B24-F735-4E0E-9770-D4D2F4610587}"
EndProject
Project("{FAE04EC0-301F-11D3-BF4B-00C04F79EFBC}") = "Arrays", "Arrays\Arrays.csproj", "{BAC7EA9D-EE17-47DA-8B71-5704C8B2D0F1}"
EndProject
Project("{FAE04EC0-301F-11D3-BF4B-00C04F79EFBC}") = "NumberArrays", "NumberArrays\NumberArrays.csproj", "{BC2DE837-C72B-48B3-ACFC-58DAEBD5C70B}"
EndProject
Project("{FAE04EC0-301F-11D3-BF4B-00C04F79EFBC}") = "RandomElement", "RandomElement\RandomElement.csproj", "{467AC1B5-3338-4D85-A5B8-BDDCCD493693}"
EndProject
Global
	GlobalSection(SolutionConfigurationPlatforms) = preSolution
		Debug|Any CPU = Debug|Any CPU
		Release|Any CPU = Release|Any CPU
	EndGlobalSection
	GlobalSection(ProjectConfigurationPlatforms) = postSolution
		{78EB8B24-F735-4E0E-9770-D4D2F4610587}.Debug|Any CPU.ActiveCfg = Debug|Any CPU
		{78EB8B24-F735-4E0E-9770-D4D2F4610587}.Debug|Any CPU.Build.0 = Debug|Any CPU
		{78EB8B24-F735-4E0E-9770-D4D2F4610587}.Release|Any CPU.ActiveCfg = Release|Any CPU
		{78EB8B24-F735-4E0E-9770-D4D2F4610587}.Release|Any CPU.Build.0 = Release|Any CPU
		{BAC7EA9D-EE17-47DA-8B71-5704C8B2D0F1}.Debug|Any CPU.ActiveCfg = Debug|Any CPU
		{BAC7EA9D-EE17-47DA-8B71-5704C8B2D0F1}.Debug|Any CPU.Build.0 = Debug|Any CPU
		{BAC7EA9D-EE17-47DA-8B71-5704C8B2D0F1}.Release|Any CPU.ActiveCfg = Release|Any CPU
		{BAC7EA9D-EE17-47DA-8B71-5704C8B2D0F1}.Release|Any CPU.Build.0 = Release|Any CPU
		{BC2DE837-C72B-48B3-ACFC-58DAEBD5C70B}.Debug|Any CPU.ActiveCfg = Debug|Any CPU
		{BC2DE837-C72B-48B3-ACFC-58DAEBD5C70B}.Debug|Any CPU.Build.0 = Debug|Any CPU
		{BC2DE837-C72B-48B3-ACFC-58DAEBD5C70B}.Release|Any CPU.ActiveCfg = Release|Any CPU
		{BC2DE837-C72B-48B3-ACFC-58DAEBD5C70B}.Release|Any CPU.Build.0 = Release|Any CPU
		{467AC1B5-3338-4D85-A5B8-BDDCCD493693}.Debug|Any CPU.ActiveCfg = Debug|Any CPU
		{467AC1B5-3338-4D85-A5B8-BDDCCD493693}.Debug|Any CPU.Build.0 = Debug|Any CPU
		{467AC1B5-3338-4D85-A5B8-BDDCCD493693}.Release|Any CPU.ActiveCfg = Release|Any CPU
		{467AC1B5-3338-4D85-A5B8-BDDCCD493693}.Release|Any CPU.Build.0 = Release|Any CPU
	EndGlobalSection
	GlobalSection(SolutionProperties) = preSolution
		HideSolutionNode = FALSE
	EndGlobalSection
	GlobalSection(ExtensibilityGlobals) = postSolution
		SolutionGuid = {4837FAEE-131F-42B0-92DC-DBF36CA32FFA}
	EndGlobalSection
EndGlobal
